PODS:
  - ImageSlideshow (1.6.1):
    - ImageSlideshow/Core (= 1.6.1)
  - ImageSlideshow/Core (1.6.1)
  - R.swift (5.0.2):
    - R.swift.Library (~> 5.0.0)
  - R.swift.Library (5.0.0)
  - Realm (3.12.0):
    - Realm/Headers (= 3.12.0)
  - Realm/Headers (3.12.0)
  - RealmSwift (3.12.0):
    - Realm (= 3.12.0)
  - SwiftLint (0.29.1)

DEPENDENCIES:
  - ImageSlideshow (~> 1.6.1)
  - R.swift (~> 5.0.2)
  - RealmSwift (~> 3.12.0)
  - SwiftLint (~> 0.29.1)

SPEC REPOS:
  https://github.com/cocoapods/specs.git:
    - ImageSlideshow
    - R.swift
    - R.swift.Library
    - Realm
    - RealmSwift
    - SwiftLint

SPEC CHECKSUMS:
  ImageSlideshow: f0f33e1a20668e83d77f5fb7729e4ae4437c0759
  R.swift: 81455d81467763cbd3f4d79d938d05f4ac4c0228
  R.swift.Library: 0bf390e729bc10bb2c9e4fb78bd043164a7be4ff
  Realm: cdaef23c4ddb36ab1ddffed23f5a7f3332fc5585
  RealmSwift: 5576324033f0aa5ef1e0a839a3da2281dff47a7f
  SwiftLint: 6772320e40b52049053a518c17db9b0634a0b45a

PODFILE CHECKSUM: 2026c304ad9b3103e940151ea638f46fc6ce4109

COCOAPODS: 1.5.3
