// !$*UTF8*$!
{
	archiveVersion = 1;
	classes = {
	};
	objectVersion = 50;
	objects = {

/* Begin PBXBuildFile section */
		41751EB8DE27E8D3EB57967A /* Pods_HappyHealthy.framework in Frameworks */ = {isa = PBXBuildFile; fileRef = 200045BFE06E339D21F57F7C /* Pods_HappyHealthy.framework */; };
		AB21D0F121F975CA00F316D3 /* DiabetesResrouce.swift in Sources */ = {isa = PBXBuildFile; fileRef = AB21D0F021F975CA00F316D3 /* DiabetesResrouce.swift */; };
		AB21D0F421F9772E00F316D3 /* DiabetesViewController.swift in Sources */ = {isa = PBXBuildFile; fileRef = AB21D0F321F9772D00F316D3 /* DiabetesViewController.swift */; };
		AB21D0F621F995C500F316D3 /* ShowDiabetesViewController.swift in Sources */ = {isa = PBXBuildFile; fileRef = AB21D0F521F995C500F316D3 /* ShowDiabetesViewController.swift */; };
		AB21D0F821F9BA1900F316D3 /* HistoryDiabetesTableViewController.swift in Sources */ = {isa = PBXBuildFile; fileRef = AB21D0F721F9BA1900F316D3 /* HistoryDiabetesTableViewController.swift */; };
		AB282CD822044B9D00C45591 /* KidneyResrouce.swift in Sources */ = {isa = PBXBuildFile; fileRef = AB282CD722044B9D00C45591 /* KidneyResrouce.swift */; };
		AB282CDB22044C8200C45591 /* KidneyViewController.swift in Sources */ = {isa = PBXBuildFile; fileRef = AB282CDA22044C8200C45591 /* KidneyViewController.swift */; };
		AB282CDD2204574600C45591 /* ShowKidneyViewController.swift in Sources */ = {isa = PBXBuildFile; fileRef = AB282CDC2204574600C45591 /* ShowKidneyViewController.swift */; };
		AB38AC7521C0F253000D1383 /* UserResource.swift in Sources */ = {isa = PBXBuildFile; fileRef = AB38AC7421C0F253000D1383 /* UserResource.swift */; };
		AB59CEB221F84DA80068849E /* R.generated.swift in Sources */ = {isa = PBXBuildFile; fileRef = AB59CEB121F84DA80068849E /* R.generated.swift */; };
		AB59CEB621F861580068849E /* InstructionViewController.swift in Sources */ = {isa = PBXBuildFile; fileRef = AB59CEB521F861580068849E /* InstructionViewController.swift */; };
		AB91CEC821BFA36800267BD3 /* AppDelegate.swift in Sources */ = {isa = PBXBuildFile; fileRef = AB91CEC721BFA36800267BD3 /* AppDelegate.swift */; };
		AB91CECA21BFA36800267BD3 /* ViewController.swift in Sources */ = {isa = PBXBuildFile; fileRef = AB91CEC921BFA36800267BD3 /* ViewController.swift */; };
		AB91CECD21BFA36800267BD3 /* Main.storyboard in Resources */ = {isa = PBXBuildFile; fileRef = AB91CECB21BFA36800267BD3 /* Main.storyboard */; };
		AB91CECF21BFA36A00267BD3 /* Assets.xcassets in Resources */ = {isa = PBXBuildFile; fileRef = AB91CECE21BFA36A00267BD3 /* Assets.xcassets */; };
		AB91CED221BFA36A00267BD3 /* LaunchScreen.storyboard in Resources */ = {isa = PBXBuildFile; fileRef = AB91CED021BFA36A00267BD3 /* LaunchScreen.storyboard */; };
		ABA5902921F7184A0071BB5D /* ProfileViewController.swift in Sources */ = {isa = PBXBuildFile; fileRef = ABA5902821F7184A0071BB5D /* ProfileViewController.swift */; };
		ABB1BE3A22093A5F00934371 /* HistoryPressureTableViewController.swift in Sources */ = {isa = PBXBuildFile; fileRef = ABB1BE3922093A5F00934371 /* HistoryPressureTableViewController.swift */; };
		ABB1BE3D22094A8C00934371 /* ReportHealthViewController.swift in Sources */ = {isa = PBXBuildFile; fileRef = ABB1BE3C22094A8C00934371 /* ReportHealthViewController.swift */; };
		ABD76404220D3CDD00357E9E /* food.plist in Resources */ = {isa = PBXBuildFile; fileRef = ABD76403220D3CDD00357E9E /* food.plist */; };
		ABF238BF221123C90006F311 /* FoodDetailViewController.swift in Sources */ = {isa = PBXBuildFile; fileRef = ABF238BE221123C90006F311 /* FoodDetailViewController.swift */; };
		ABF238C122113C680006F311 /* FoodHistoryResource.swift in Sources */ = {isa = PBXBuildFile; fileRef = ABF238C022113C680006F311 /* FoodHistoryResource.swift */; };
		ABF238C3221168460006F311 /* exercise.plist in Resources */ = {isa = PBXBuildFile; fileRef = ABF238C2221168460006F311 /* exercise.plist */; };
		ABFACA3F22081A9800F45500 /* HistoryKidneyTableViewController.swift in Sources */ = {isa = PBXBuildFile; fileRef = ABFACA3E22081A9800F45500 /* HistoryKidneyTableViewController.swift */; };
		ABFACA422208215E00F45500 /* PressureViewController.swift in Sources */ = {isa = PBXBuildFile; fileRef = ABFACA412208215E00F45500 /* PressureViewController.swift */; };
		ABFACA442208245800F45500 /* PressureResource.swift in Sources */ = {isa = PBXBuildFile; fileRef = ABFACA432208245800F45500 /* PressureResource.swift */; };
		ABFACA4622082D3100F45500 /* ShowPressureViewController.swift in Sources */ = {isa = PBXBuildFile; fileRef = ABFACA4522082D3100F45500 /* ShowPressureViewController.swift */; };
		ABFE01B3220C118C009E1612 /* FoodResource.swift in Sources */ = {isa = PBXBuildFile; fileRef = ABFE01B2220C118C009E1612 /* FoodResource.swift */; };
		ABFE01B6220C1E51009E1612 /* FoodTableViewController.swift in Sources */ = {isa = PBXBuildFile; fileRef = ABFE01B5220C1E51009E1612 /* FoodTableViewController.swift */; };
/* End PBXBuildFile section */

/* Begin PBXFileReference section */
		1DEB8BB4DFA90D556DC000B4 /* Pods-HappyHealthy.debug.xcconfig */ = {isa = PBXFileReference; includeInIndex = 1; lastKnownFileType = text.xcconfig; name = "Pods-HappyHealthy.debug.xcconfig"; path = "Pods/Target Support Files/Pods-HappyHealthy/Pods-HappyHealthy.debug.xcconfig"; sourceTree = "<group>"; };
		200045BFE06E339D21F57F7C /* Pods_HappyHealthy.framework */ = {isa = PBXFileReference; explicitFileType = wrapper.framework; includeInIndex = 0; path = Pods_HappyHealthy.framework; sourceTree = BUILT_PRODUCTS_DIR; };
		AB21D0F021F975CA00F316D3 /* DiabetesResrouce.swift */ = {isa = PBXFileReference; lastKnownFileType = sourcecode.swift; path = DiabetesResrouce.swift; sourceTree = "<group>"; };
		AB21D0F321F9772D00F316D3 /* DiabetesViewController.swift */ = {isa = PBXFileReference; lastKnownFileType = sourcecode.swift; path = DiabetesViewController.swift; sourceTree = "<group>"; };
		AB21D0F521F995C500F316D3 /* ShowDiabetesViewController.swift */ = {isa = PBXFileReference; lastKnownFileType = sourcecode.swift; path = ShowDiabetesViewController.swift; sourceTree = "<group>"; };
		AB21D0F721F9BA1900F316D3 /* HistoryDiabetesTableViewController.swift */ = {isa = PBXFileReference; lastKnownFileType = sourcecode.swift; path = HistoryDiabetesTableViewController.swift; sourceTree = "<group>"; };
		AB282CD722044B9D00C45591 /* KidneyResrouce.swift */ = {isa = PBXFileReference; lastKnownFileType = sourcecode.swift; path = KidneyResrouce.swift; sourceTree = "<group>"; };
		AB282CDA22044C8200C45591 /* KidneyViewController.swift */ = {isa = PBXFileReference; lastKnownFileType = sourcecode.swift; path = KidneyViewController.swift; sourceTree = "<group>"; };
		AB282CDC2204574600C45591 /* ShowKidneyViewController.swift */ = {isa = PBXFileReference; lastKnownFileType = sourcecode.swift; path = ShowKidneyViewController.swift; sourceTree = "<group>"; };
		AB38AC7421C0F253000D1383 /* UserResource.swift */ = {isa = PBXFileReference; lastKnownFileType = sourcecode.swift; path = UserResource.swift; sourceTree = "<group>"; };
		AB59CEB121F84DA80068849E /* R.generated.swift */ = {isa = PBXFileReference; fileEncoding = 4; lastKnownFileType = sourcecode.swift; path = R.generated.swift; sourceTree = SOURCE_ROOT; };
		AB59CEB521F861580068849E /* InstructionViewController.swift */ = {isa = PBXFileReference; fileEncoding = 4; lastKnownFileType = sourcecode.swift; path = InstructionViewController.swift; sourceTree = "<group>"; };
		AB91CEC421BFA36800267BD3 /* HappyHealthy.app */ = {isa = PBXFileReference; explicitFileType = wrapper.application; includeInIndex = 0; path = HappyHealthy.app; sourceTree = BUILT_PRODUCTS_DIR; };
		AB91CEC721BFA36800267BD3 /* AppDelegate.swift */ = {isa = PBXFileReference; lastKnownFileType = sourcecode.swift; path = AppDelegate.swift; sourceTree = "<group>"; };
		AB91CEC921BFA36800267BD3 /* ViewController.swift */ = {isa = PBXFileReference; lastKnownFileType = sourcecode.swift; path = ViewController.swift; sourceTree = "<group>"; };
		AB91CECC21BFA36800267BD3 /* Base */ = {isa = PBXFileReference; lastKnownFileType = file.storyboard; name = Base; path = Base.lproj/Main.storyboard; sourceTree = "<group>"; };
		AB91CECE21BFA36A00267BD3 /* Assets.xcassets */ = {isa = PBXFileReference; lastKnownFileType = folder.assetcatalog; path = Assets.xcassets; sourceTree = "<group>"; };
		AB91CED121BFA36A00267BD3 /* Base */ = {isa = PBXFileReference; lastKnownFileType = file.storyboard; name = Base; path = Base.lproj/LaunchScreen.storyboard; sourceTree = "<group>"; };
		AB91CED321BFA36A00267BD3 /* Info.plist */ = {isa = PBXFileReference; lastKnownFileType = text.plist.xml; path = Info.plist; sourceTree = "<group>"; };
		ABA5902821F7184A0071BB5D /* ProfileViewController.swift */ = {isa = PBXFileReference; lastKnownFileType = sourcecode.swift; path = ProfileViewController.swift; sourceTree = "<group>"; };
		ABB1BE3922093A5F00934371 /* HistoryPressureTableViewController.swift */ = {isa = PBXFileReference; lastKnownFileType = sourcecode.swift; path = HistoryPressureTableViewController.swift; sourceTree = "<group>"; };
		ABB1BE3C22094A8C00934371 /* ReportHealthViewController.swift */ = {isa = PBXFileReference; lastKnownFileType = sourcecode.swift; path = ReportHealthViewController.swift; sourceTree = "<group>"; };
		ABD76403220D3CDD00357E9E /* food.plist */ = {isa = PBXFileReference; fileEncoding = 4; lastKnownFileType = text.plist.xml; path = food.plist; sourceTree = "<group>"; };
		ABF238BE221123C90006F311 /* FoodDetailViewController.swift */ = {isa = PBXFileReference; lastKnownFileType = sourcecode.swift; path = FoodDetailViewController.swift; sourceTree = "<group>"; };
		ABF238C022113C680006F311 /* FoodHistoryResource.swift */ = {isa = PBXFileReference; lastKnownFileType = sourcecode.swift; path = FoodHistoryResource.swift; sourceTree = "<group>"; };
		ABF238C2221168460006F311 /* exercise.plist */ = {isa = PBXFileReference; fileEncoding = 4; lastKnownFileType = text.plist.xml; path = exercise.plist; sourceTree = "<group>"; };
		ABFACA3E22081A9800F45500 /* HistoryKidneyTableViewController.swift */ = {isa = PBXFileReference; lastKnownFileType = sourcecode.swift; path = HistoryKidneyTableViewController.swift; sourceTree = "<group>"; };
		ABFACA412208215E00F45500 /* PressureViewController.swift */ = {isa = PBXFileReference; lastKnownFileType = sourcecode.swift; path = PressureViewController.swift; sourceTree = "<group>"; };
		ABFACA432208245800F45500 /* PressureResource.swift */ = {isa = PBXFileReference; lastKnownFileType = sourcecode.swift; path = PressureResource.swift; sourceTree = "<group>"; };
		ABFACA4522082D3100F45500 /* ShowPressureViewController.swift */ = {isa = PBXFileReference; lastKnownFileType = sourcecode.swift; path = ShowPressureViewController.swift; sourceTree = "<group>"; };
		ABFE01B2220C118C009E1612 /* FoodResource.swift */ = {isa = PBXFileReference; lastKnownFileType = sourcecode.swift; path = FoodResource.swift; sourceTree = "<group>"; };
		ABFE01B5220C1E51009E1612 /* FoodTableViewController.swift */ = {isa = PBXFileReference; lastKnownFileType = sourcecode.swift; path = FoodTableViewController.swift; sourceTree = "<group>"; };
		E0C0E8FE8BFBAE1EF4840B72 /* Pods-HappyHealthy.release.xcconfig */ = {isa = PBXFileReference; includeInIndex = 1; lastKnownFileType = text.xcconfig; name = "Pods-HappyHealthy.release.xcconfig"; path = "Pods/Target Support Files/Pods-HappyHealthy/Pods-HappyHealthy.release.xcconfig"; sourceTree = "<group>"; };
/* End PBXFileReference section */

/* Begin PBXFrameworksBuildPhase section */
		AB91CEC121BFA36800267BD3 /* Frameworks */ = {
			isa = PBXFrameworksBuildPhase;
			buildActionMask = 2147483647;
			files = (
				41751EB8DE27E8D3EB57967A /* Pods_HappyHealthy.framework in Frameworks */,
			);
			runOnlyForDeploymentPostprocessing = 0;
		};
/* End PBXFrameworksBuildPhase section */

/* Begin PBXGroup section */
		39F782C82C396A4A366C91CD /* Pods */ = {
			isa = PBXGroup;
			children = (
				1DEB8BB4DFA90D556DC000B4 /* Pods-HappyHealthy.debug.xcconfig */,
				E0C0E8FE8BFBAE1EF4840B72 /* Pods-HappyHealthy.release.xcconfig */,
			);
			name = Pods;
			sourceTree = "<group>";
		};
		AB21D0F221F9771D00F316D3 /* Diabetes */ = {
			isa = PBXGroup;
			children = (
				AB21D0F321F9772D00F316D3 /* DiabetesViewController.swift */,
				AB21D0F521F995C500F316D3 /* ShowDiabetesViewController.swift */,
				AB21D0F721F9BA1900F316D3 /* HistoryDiabetesTableViewController.swift */,
			);
			path = Diabetes;
			sourceTree = "<group>";
		};
		AB282CD922044C7500C45591 /* Kidney */ = {
			isa = PBXGroup;
			children = (
				AB282CDA22044C8200C45591 /* KidneyViewController.swift */,
				AB282CDC2204574600C45591 /* ShowKidneyViewController.swift */,
				ABFACA3E22081A9800F45500 /* HistoryKidneyTableViewController.swift */,
			);
			path = Kidney;
			sourceTree = "<group>";
		};
		AB38AC7321C0F242000D1383 /* Resource */ = {
			isa = PBXGroup;
			children = (
				AB38AC7421C0F253000D1383 /* UserResource.swift */,
				AB21D0F021F975CA00F316D3 /* DiabetesResrouce.swift */,
				AB282CD722044B9D00C45591 /* KidneyResrouce.swift */,
				ABFACA432208245800F45500 /* PressureResource.swift */,
				ABFE01B2220C118C009E1612 /* FoodResource.swift */,
				ABF238C022113C680006F311 /* FoodHistoryResource.swift */,
			);
			path = Resource;
			sourceTree = "<group>";
		};
		AB91CEBB21BFA36800267BD3 = {
			isa = PBXGroup;
			children = (
				AB91CEC621BFA36800267BD3 /* HappyHealthy */,
				AB91CEC521BFA36800267BD3 /* Products */,
				39F782C82C396A4A366C91CD /* Pods */,
				D9C4C513CBA3E8A12091C70C /* Frameworks */,
			);
			sourceTree = "<group>";
		};
		AB91CEC521BFA36800267BD3 /* Products */ = {
			isa = PBXGroup;
			children = (
				AB91CEC421BFA36800267BD3 /* HappyHealthy.app */,
			);
			name = Products;
			sourceTree = "<group>";
		};
		AB91CEC621BFA36800267BD3 /* HappyHealthy */ = {
			isa = PBXGroup;
			children = (
				ABA5902721F718370071BB5D /* ViewController */,
				AB38AC7321C0F242000D1383 /* Resource */,
				AB91CEC721BFA36800267BD3 /* AppDelegate.swift */,
				AB91CEC921BFA36800267BD3 /* ViewController.swift */,
				AB91CECB21BFA36800267BD3 /* Main.storyboard */,
				AB91CECE21BFA36A00267BD3 /* Assets.xcassets */,
				AB91CED021BFA36A00267BD3 /* LaunchScreen.storyboard */,
				ABF238C2221168460006F311 /* exercise.plist */,
				ABD76403220D3CDD00357E9E /* food.plist */,
				AB91CED321BFA36A00267BD3 /* Info.plist */,
				AB59CEB121F84DA80068849E /* R.generated.swift */,
			);
			path = HappyHealthy;
			sourceTree = "<group>";
		};
		ABA5902721F718370071BB5D /* ViewController */ = {
			isa = PBXGroup;
			children = (
				ABFE01B4220C1E43009E1612 /* Food */,
				ABB1BE3B22094A6C00934371 /* Report */,
				ABFACA402208214A00F45500 /* Pressure */,
				AB282CD922044C7500C45591 /* Kidney */,
				AB21D0F221F9771D00F316D3 /* Diabetes */,
				AB59CEB521F861580068849E /* InstructionViewController.swift */,
				ABA5902821F7184A0071BB5D /* ProfileViewController.swift */,
			);
			path = ViewController;
			sourceTree = SOURCE_ROOT;
		};
		ABB1BE3B22094A6C00934371 /* Report */ = {
			isa = PBXGroup;
			children = (
				ABB1BE3C22094A8C00934371 /* ReportHealthViewController.swift */,
			);
			path = Report;
			sourceTree = "<group>";
		};
		ABFACA402208214A00F45500 /* Pressure */ = {
			isa = PBXGroup;
			children = (
				ABFACA412208215E00F45500 /* PressureViewController.swift */,
				ABFACA4522082D3100F45500 /* ShowPressureViewController.swift */,
				ABB1BE3922093A5F00934371 /* HistoryPressureTableViewController.swift */,
			);
			path = Pressure;
			sourceTree = "<group>";
		};
		ABFE01B4220C1E43009E1612 /* Food */ = {
			isa = PBXGroup;
			children = (
				ABFE01B5220C1E51009E1612 /* FoodTableViewController.swift */,
				ABF238BE221123C90006F311 /* FoodDetailViewController.swift */,
			);
			path = Food;
			sourceTree = "<group>";
		};
		D9C4C513CBA3E8A12091C70C /* Frameworks */ = {
			isa = PBXGroup;
			children = (
				200045BFE06E339D21F57F7C /* Pods_HappyHealthy.framework */,
			);
			name = Frameworks;
			sourceTree = "<group>";
		};
/* End PBXGroup section */

/* Begin PBXNativeTarget section */
		AB91CEC321BFA36800267BD3 /* HappyHealthy */ = {
			isa = PBXNativeTarget;
			buildConfigurationList = AB91CED621BFA36A00267BD3 /* Build configuration list for PBXNativeTarget "HappyHealthy" */;
			buildPhases = (
				EC4BB9B3BBF38533225A5BBB /* [CP] Check Pods Manifest.lock */,
				AB59CEB021F84A9A0068849E /* R.swift */,
				AB91CEC021BFA36800267BD3 /* Sources */,
				AB91CED921BFA8A100267BD3 /* Swiftlint */,
				AB91CEC121BFA36800267BD3 /* Frameworks */,
				AB91CEC221BFA36800267BD3 /* Resources */,
				BA458BA358BE203E6D474D4E /* [CP] Embed Pods Frameworks */,
			);
			buildRules = (
			);
			dependencies = (
			);
			name = HappyHealthy;
			productName = HappyHealthy;
			productReference = AB91CEC421BFA36800267BD3 /* HappyHealthy.app */;
			productType = "com.apple.product-type.application";
		};
/* End PBXNativeTarget section */

/* Begin PBXProject section */
		AB91CEBC21BFA36800267BD3 /* Project object */ = {
			isa = PBXProject;
			attributes = {
				LastSwiftUpdateCheck = 1010;
				LastUpgradeCheck = 1010;
				ORGANIZATIONNAME = jirapornpraneetHappyHealthy;
				TargetAttributes = {
					AB91CEC321BFA36800267BD3 = {
						CreatedOnToolsVersion = 10.1;
					};
				};
			};
			buildConfigurationList = AB91CEBF21BFA36800267BD3 /* Build configuration list for PBXProject "HappyHealthy" */;
			compatibilityVersion = "Xcode 9.3";
			developmentRegion = en;
			hasScannedForEncodings = 0;
			knownRegions = (
				en,
				Base,
			);
			mainGroup = AB91CEBB21BFA36800267BD3;
			productRefGroup = AB91CEC521BFA36800267BD3 /* Products */;
			projectDirPath = "";
			projectRoot = "";
			targets = (
				AB91CEC321BFA36800267BD3 /* HappyHealthy */,
			);
		};
/* End PBXProject section */

/* Begin PBXResourcesBuildPhase section */
		AB91CEC221BFA36800267BD3 /* Resources */ = {
			isa = PBXResourcesBuildPhase;
			buildActionMask = 2147483647;
			files = (
				ABF238C3221168460006F311 /* exercise.plist in Resources */,
				ABD76404220D3CDD00357E9E /* food.plist in Resources */,
				AB91CED221BFA36A00267BD3 /* LaunchScreen.storyboard in Resources */,
				AB91CECF21BFA36A00267BD3 /* Assets.xcassets in Resources */,
				AB91CECD21BFA36800267BD3 /* Main.storyboard in Resources */,
			);
			runOnlyForDeploymentPostprocessing = 0;
		};
/* End PBXResourcesBuildPhase section */

/* Begin PBXShellScriptBuildPhase section */
		AB59CEB021F84A9A0068849E /* R.swift */ = {
			isa = PBXShellScriptBuildPhase;
			buildActionMask = 2147483647;
			files = (
			);
			inputPaths = (
				"$TEMP_DIR/rswift-lastrun",
			);
			name = R.swift;
			outputPaths = (
				$SRCROOT/R.generated.swift,
			);
			runOnlyForDeploymentPostprocessing = 0;
			shellPath = /bin/sh;
			shellScript = "\"$PODS_ROOT/R.swift/rswift\" generate \"$SRCROOT/R.generated.swift\"\n";
		};
		AB91CED921BFA8A100267BD3 /* Swiftlint */ = {
			isa = PBXShellScriptBuildPhase;
			buildActionMask = 2147483647;
			files = (
			);
			inputPaths = (
			);
			name = Swiftlint;
			outputPaths = (
			);
			runOnlyForDeploymentPostprocessing = 0;
			shellPath = /bin/sh;
			shellScript = "\"${PODS_ROOT}/SwiftLint/swiftlint\"\n";
		};
		BA458BA358BE203E6D474D4E /* [CP] Embed Pods Frameworks */ = {
			isa = PBXShellScriptBuildPhase;
			buildActionMask = 2147483647;
			files = (
			);
			inputPaths = (
				"${SRCROOT}/Pods/Target Support Files/Pods-HappyHealthy/Pods-HappyHealthy-frameworks.sh",
				"${BUILT_PRODUCTS_DIR}/AAPickerView/AAPickerView.framework",
				"${BUILT_PRODUCTS_DIR}/ImageSlideshow/ImageSlideshow.framework",
				"${BUILT_PRODUCTS_DIR}/R.swift.Library/Rswift.framework",
				"${BUILT_PRODUCTS_DIR}/Realm/Realm.framework",
				"${BUILT_PRODUCTS_DIR}/RealmSwift/RealmSwift.framework",
			);
			name = "[CP] Embed Pods Frameworks";
			outputPaths = (
				"${TARGET_BUILD_DIR}/${FRAMEWORKS_FOLDER_PATH}/AAPickerView.framework",
				"${TARGET_BUILD_DIR}/${FRAMEWORKS_FOLDER_PATH}/ImageSlideshow.framework",
				"${TARGET_BUILD_DIR}/${FRAMEWORKS_FOLDER_PATH}/Rswift.framework",
				"${TARGET_BUILD_DIR}/${FRAMEWORKS_FOLDER_PATH}/Realm.framework",
				"${TARGET_BUILD_DIR}/${FRAMEWORKS_FOLDER_PATH}/RealmSwift.framework",
			);
			runOnlyForDeploymentPostprocessing = 0;
			shellPath = /bin/sh;
			shellScript = "\"${SRCROOT}/Pods/Target Support Files/Pods-HappyHealthy/Pods-HappyHealthy-frameworks.sh\"\n";
			showEnvVarsInLog = 0;
		};
		EC4BB9B3BBF38533225A5BBB /* [CP] Check Pods Manifest.lock */ = {
			isa = PBXShellScriptBuildPhase;
			buildActionMask = 2147483647;
			files = (
			);
			inputPaths = (
				"${PODS_PODFILE_DIR_PATH}/Podfile.lock",
				"${PODS_ROOT}/Manifest.lock",
			);
			name = "[CP] Check Pods Manifest.lock";
			outputPaths = (
				"$(DERIVED_FILE_DIR)/Pods-HappyHealthy-checkManifestLockResult.txt",
			);
			runOnlyForDeploymentPostprocessing = 0;
			shellPath = /bin/sh;
			shellScript = "diff \"${PODS_PODFILE_DIR_PATH}/Podfile.lock\" \"${PODS_ROOT}/Manifest.lock\" > /dev/null\nif [ $? != 0 ] ; then\n    # print error to STDERR\n    echo \"error: The sandbox is not in sync with the Podfile.lock. Run 'pod install' or update your CocoaPods installation.\" >&2\n    exit 1\nfi\n# This output is used by Xcode 'outputs' to avoid re-running this script phase.\necho \"SUCCESS\" > \"${SCRIPT_OUTPUT_FILE_0}\"\n";
			showEnvVarsInLog = 0;
		};
/* End PBXShellScriptBuildPhase section */

/* Begin PBXSourcesBuildPhase section */
		AB91CEC021BFA36800267BD3 /* Sources */ = {
			isa = PBXSourcesBuildPhase;
			buildActionMask = 2147483647;
			files = (
				AB282CDD2204574600C45591 /* ShowKidneyViewController.swift in Sources */,
				ABFE01B6220C1E51009E1612 /* FoodTableViewController.swift in Sources */,
				AB21D0F121F975CA00F316D3 /* DiabetesResrouce.swift in Sources */,
				ABFACA442208245800F45500 /* PressureResource.swift in Sources */,
				AB91CECA21BFA36800267BD3 /* ViewController.swift in Sources */,
				AB38AC7521C0F253000D1383 /* UserResource.swift in Sources */,
				ABFACA3F22081A9800F45500 /* HistoryKidneyTableViewController.swift in Sources */,
				ABF238C122113C680006F311 /* FoodHistoryResource.swift in Sources */,
				ABB1BE3D22094A8C00934371 /* ReportHealthViewController.swift in Sources */,
				ABFACA422208215E00F45500 /* PressureViewController.swift in Sources */,
				AB21D0F821F9BA1900F316D3 /* HistoryDiabetesTableViewController.swift in Sources */,
				AB59CEB221F84DA80068849E /* R.generated.swift in Sources */,
				ABFACA4622082D3100F45500 /* ShowPressureViewController.swift in Sources */,
				AB59CEB621F861580068849E /* InstructionViewController.swift in Sources */,
				ABF238BF221123C90006F311 /* FoodDetailViewController.swift in Sources */,
				ABB1BE3A22093A5F00934371 /* HistoryPressureTableViewController.swift in Sources */,
				ABA5902921F7184A0071BB5D /* ProfileViewController.swift in Sources */,
				AB91CEC821BFA36800267BD3 /* AppDelegate.swift in Sources */,
				AB282CDB22044C8200C45591 /* KidneyViewController.swift in Sources */,
				AB282CD822044B9D00C45591 /* KidneyResrouce.swift in Sources */,
				ABFE01B3220C118C009E1612 /* FoodResource.swift in Sources */,
				AB21D0F621F995C500F316D3 /* ShowDiabetesViewController.swift in Sources */,
				AB21D0F421F9772E00F316D3 /* DiabetesViewController.swift in Sources */,
			);
			runOnlyForDeploymentPostprocessing = 0;
		};
/* End PBXSourcesBuildPhase section */

/* Begin PBXVariantGroup section */
		AB91CECB21BFA36800267BD3 /* Main.storyboard */ = {
			isa = PBXVariantGroup;
			children = (
				AB91CECC21BFA36800267BD3 /* Base */,
			);
			name = Main.storyboard;
			sourceTree = "<group>";
		};
		AB91CED021BFA36A00267BD3 /* LaunchScreen.storyboard */ = {
			isa = PBXVariantGroup;
			children = (
				AB91CED121BFA36A00267BD3 /* Base */,
			);
			name = LaunchScreen.storyboard;
			sourceTree = "<group>";
		};
/* End PBXVariantGroup section */

/* Begin XCBuildConfiguration section */
		AB91CED421BFA36A00267BD3 /* Debug */ = {
			isa = XCBuildConfiguration;
			buildSettings = {
				ALWAYS_SEARCH_USER_PATHS = NO;
				CLANG_ANALYZER_NONNULL = YES;
				CLANG_ANALYZER_NUMBER_OBJECT_CONVERSION = YES_AGGRESSIVE;
				CLANG_CXX_LANGUAGE_STANDARD = "gnu++14";
				CLANG_CXX_LIBRARY = "libc++";
				CLANG_ENABLE_MODULES = YES;
				CLANG_ENABLE_OBJC_ARC = YES;
				CLANG_ENABLE_OBJC_WEAK = YES;
				CLANG_WARN_BLOCK_CAPTURE_AUTORELEASING = YES;
				CLANG_WARN_BOOL_CONVERSION = YES;
				CLANG_WARN_COMMA = YES;
				CLANG_WARN_CONSTANT_CONVERSION = YES;
				CLANG_WARN_DEPRECATED_OBJC_IMPLEMENTATIONS = YES;
				CLANG_WARN_DIRECT_OBJC_ISA_USAGE = YES_ERROR;
				CLANG_WARN_DOCUMENTATION_COMMENTS = YES;
				CLANG_WARN_EMPTY_BODY = YES;
				CLANG_WARN_ENUM_CONVERSION = YES;
				CLANG_WARN_INFINITE_RECURSION = YES;
				CLANG_WARN_INT_CONVERSION = YES;
				CLANG_WARN_NON_LITERAL_NULL_CONVERSION = YES;
				CLANG_WARN_OBJC_IMPLICIT_RETAIN_SELF = YES;
				CLANG_WARN_OBJC_LITERAL_CONVERSION = YES;
				CLANG_WARN_OBJC_ROOT_CLASS = YES_ERROR;
				CLANG_WARN_RANGE_LOOP_ANALYSIS = YES;
				CLANG_WARN_STRICT_PROTOTYPES = YES;
				CLANG_WARN_SUSPICIOUS_MOVE = YES;
				CLANG_WARN_UNGUARDED_AVAILABILITY = YES_AGGRESSIVE;
				CLANG_WARN_UNREACHABLE_CODE = YES;
				CLANG_WARN__DUPLICATE_METHOD_MATCH = YES;
				CODE_SIGN_IDENTITY = "iPhone Developer";
				COPY_PHASE_STRIP = NO;
				DEBUG_INFORMATION_FORMAT = dwarf;
				ENABLE_STRICT_OBJC_MSGSEND = YES;
				ENABLE_TESTABILITY = YES;
				GCC_C_LANGUAGE_STANDARD = gnu11;
				GCC_DYNAMIC_NO_PIC = NO;
				GCC_NO_COMMON_BLOCKS = YES;
				GCC_OPTIMIZATION_LEVEL = 0;
				GCC_PREPROCESSOR_DEFINITIONS = (
					"DEBUG=1",
					"$(inherited)",
				);
				GCC_WARN_64_TO_32_BIT_CONVERSION = YES;
				GCC_WARN_ABOUT_RETURN_TYPE = YES_ERROR;
				GCC_WARN_UNDECLARED_SELECTOR = YES;
				GCC_WARN_UNINITIALIZED_AUTOS = YES_AGGRESSIVE;
				GCC_WARN_UNUSED_FUNCTION = YES;
				GCC_WARN_UNUSED_VARIABLE = YES;
				IPHONEOS_DEPLOYMENT_TARGET = 12.1;
				MTL_ENABLE_DEBUG_INFO = INCLUDE_SOURCE;
				MTL_FAST_MATH = YES;
				ONLY_ACTIVE_ARCH = YES;
				SDKROOT = iphoneos;
				SWIFT_ACTIVE_COMPILATION_CONDITIONS = DEBUG;
				SWIFT_OPTIMIZATION_LEVEL = "-Onone";
			};
			name = Debug;
		};
		AB91CED521BFA36A00267BD3 /* Release */ = {
			isa = XCBuildConfiguration;
			buildSettings = {
				ALWAYS_SEARCH_USER_PATHS = NO;
				CLANG_ANALYZER_NONNULL = YES;
				CLANG_ANALYZER_NUMBER_OBJECT_CONVERSION = YES_AGGRESSIVE;
				CLANG_CXX_LANGUAGE_STANDARD = "gnu++14";
				CLANG_CXX_LIBRARY = "libc++";
				CLANG_ENABLE_MODULES = YES;
				CLANG_ENABLE_OBJC_ARC = YES;
				CLANG_ENABLE_OBJC_WEAK = YES;
				CLANG_WARN_BLOCK_CAPTURE_AUTORELEASING = YES;
				CLANG_WARN_BOOL_CONVERSION = YES;
				CLANG_WARN_COMMA = YES;
				CLANG_WARN_CONSTANT_CONVERSION = YES;
				CLANG_WARN_DEPRECATED_OBJC_IMPLEMENTATIONS = YES;
				CLANG_WARN_DIRECT_OBJC_ISA_USAGE = YES_ERROR;
				CLANG_WARN_DOCUMENTATION_COMMENTS = YES;
				CLANG_WARN_EMPTY_BODY = YES;
				CLANG_WARN_ENUM_CONVERSION = YES;
				CLANG_WARN_INFINITE_RECURSION = YES;
				CLANG_WARN_INT_CONVERSION = YES;
				CLANG_WARN_NON_LITERAL_NULL_CONVERSION = YES;
				CLANG_WARN_OBJC_IMPLICIT_RETAIN_SELF = YES;
				CLANG_WARN_OBJC_LITERAL_CONVERSION = YES;
				CLANG_WARN_OBJC_ROOT_CLASS = YES_ERROR;
				CLANG_WARN_RANGE_LOOP_ANALYSIS = YES;
				CLANG_WARN_STRICT_PROTOTYPES = YES;
				CLANG_WARN_SUSPICIOUS_MOVE = YES;
				CLANG_WARN_UNGUARDED_AVAILABILITY = YES_AGGRESSIVE;
				CLANG_WARN_UNREACHABLE_CODE = YES;
				CLANG_WARN__DUPLICATE_METHOD_MATCH = YES;
				CODE_SIGN_IDENTITY = "iPhone Developer";
				COPY_PHASE_STRIP = NO;
				DEBUG_INFORMATION_FORMAT = "dwarf-with-dsym";
				ENABLE_NS_ASSERTIONS = NO;
				ENABLE_STRICT_OBJC_MSGSEND = YES;
				GCC_C_LANGUAGE_STANDARD = gnu11;
				GCC_NO_COMMON_BLOCKS = YES;
				GCC_WARN_64_TO_32_BIT_CONVERSION = YES;
				GCC_WARN_ABOUT_RETURN_TYPE = YES_ERROR;
				GCC_WARN_UNDECLARED_SELECTOR = YES;
				GCC_WARN_UNINITIALIZED_AUTOS = YES_AGGRESSIVE;
				GCC_WARN_UNUSED_FUNCTION = YES;
				GCC_WARN_UNUSED_VARIABLE = YES;
				IPHONEOS_DEPLOYMENT_TARGET = 12.1;
				MTL_ENABLE_DEBUG_INFO = NO;
				MTL_FAST_MATH = YES;
				SDKROOT = iphoneos;
				SWIFT_COMPILATION_MODE = wholemodule;
				SWIFT_OPTIMIZATION_LEVEL = "-O";
				VALIDATE_PRODUCT = YES;
			};
			name = Release;
		};
		AB91CED721BFA36A00267BD3 /* Debug */ = {
			isa = XCBuildConfiguration;
			baseConfigurationReference = 1DEB8BB4DFA90D556DC000B4 /* Pods-HappyHealthy.debug.xcconfig */;
			buildSettings = {
				ASSETCATALOG_COMPILER_APPICON_NAME = AppIcon;
				CODE_SIGN_STYLE = Automatic;
				DEVELOPMENT_TEAM = 3266WF6C2V;
				INFOPLIST_FILE = HappyHealthy/Info.plist;
				IPHONEOS_DEPLOYMENT_TARGET = 10.0;
				LD_RUNPATH_SEARCH_PATHS = (
					"$(inherited)",
					"@executable_path/Frameworks",
				);
				PRODUCT_BUNDLE_IDENTIFIER = com.happyhealthy.ios.en.HappyHealthy;
				PRODUCT_NAME = "$(TARGET_NAME)";
				SWIFT_VERSION = 4.2;
				TARGETED_DEVICE_FAMILY = "1,2";
			};
			name = Debug;
		};
		AB91CED821BFA36A00267BD3 /* Release */ = {
			isa = XCBuildConfiguration;
			baseConfigurationReference = E0C0E8FE8BFBAE1EF4840B72 /* Pods-HappyHealthy.release.xcconfig */;
			buildSettings = {
				ASSETCATALOG_COMPILER_APPICON_NAME = AppIcon;
				CODE_SIGN_STYLE = Automatic;
				DEVELOPMENT_TEAM = 3266WF6C2V;
				INFOPLIST_FILE = HappyHealthy/Info.plist;
				IPHONEOS_DEPLOYMENT_TARGET = 10.0;
				LD_RUNPATH_SEARCH_PATHS = (
					"$(inherited)",
					"@executable_path/Frameworks",
				);
				PRODUCT_BUNDLE_IDENTIFIER = com.happyhealthy.ios.en.HappyHealthy;
				PRODUCT_NAME = "$(TARGET_NAME)";
				SWIFT_VERSION = 4.2;
				TARGETED_DEVICE_FAMILY = "1,2";
			};
			name = Release;
		};
/* End XCBuildConfiguration section */

/* Begin XCConfigurationList section */
		AB91CEBF21BFA36800267BD3 /* Build configuration list for PBXProject "HappyHealthy" */ = {
			isa = XCConfigurationList;
			buildConfigurations = (
				AB91CED421BFA36A00267BD3 /* Debug */,
				AB91CED521BFA36A00267BD3 /* Release */,
			);
			defaultConfigurationIsVisible = 0;
			defaultConfigurationName = Release;
		};
		AB91CED621BFA36A00267BD3 /* Build configuration list for PBXNativeTarget "HappyHealthy" */ = {
			isa = XCConfigurationList;
			buildConfigurations = (
				AB91CED721BFA36A00267BD3 /* Debug */,
				AB91CED821BFA36A00267BD3 /* Release */,
			);
			defaultConfigurationIsVisible = 0;
			defaultConfigurationName = Release;
		};
/* End XCConfigurationList section */
	};
	rootObject = AB91CEBC21BFA36800267BD3 /* Project object */;
}
